
Microsoft Visual Studio Solution File, Format Version 12.00
# Visual Studio Version 17
VisualStudioVersion = 17.6.33829.357
MinimumVisualStudioVersion = 10.0.40219.1
Project("{FAE04EC0-301F-11D3-BF4B-00C04F79EFBC}") = "DefaultParameter", "DefaultParameter.csproj", "{8A5FAA3F-338F-4853-B6BA-1C86B99BC962}"
EndProject
Global
	GlobalSection(SolutionConfigurationPlatforms) = preSolution
		Debug|Any CPU = Debug|Any CPU
		Release|Any CPU = Release|Any CPU
	EndGlobalSection
	GlobalSection(ProjectConfigurationPlatforms) = postSolution
		{8A5FAA3F-338F-4853-B6BA-1C86B99BC962}.Debug|Any CPU.ActiveCfg = Debug|Any CPU
		{8A5FAA3F-338F-4853-B6BA-1C86B99BC962}.Debug|Any CPU.Build.0 = Debug|Any CPU
		{8A5FAA3F-338F-4853-B6BA-1C86B99BC962}.Release|Any CPU.ActiveCfg = Release|Any CPU
		{8A5FAA3F-338F-4853-B6BA-1C86B99BC962}.Release|Any CPU.Build.0 = Release|Any CPU
	EndGlobalSection
	GlobalSection(SolutionProperties) = preSolution
		HideSolutionNode = FALSE
	EndGlobalSection
	GlobalSection(ExtensibilityGlobals) = postSolution
		SolutionGuid = {CE0D0627-841D-4D5E-8B41-74841BC94086}
	EndGlobalSection
EndGlobal
